Microsoft Visual Studio Solution File, Format Version 10.00
# Visual Studio 2008
Project("{54435603-DBB4-11D2-8724-00A0C9A8B90C}") = "NAnt", "NAnt.vdproj", "{6DCD95C7-8FC5-4074-AD22-C97D3116B7B6}"
EndProject
Project("{FAE04EC0-301F-11D3-BF4B-00C04F79EFBC}") = "NAntWithContrib", "NAntWithContrib\NAntWithContrib.csproj", "{A73C7D55-55D5-4CF5-9F48-1A15F93507FD}"
EndProject
Project("{FAE04EC0-301F-11D3-BF4B-00C04F79EFBC}") = "NAnt.Utils.Tasks", "NAnt.Utils\NAnt.Utils.Tasks.csproj", "{8FFF06DC-F74C-4354-9846-8687E7B41E38}"
EndProject
Global
	GlobalSection(SolutionConfigurationPlatforms) = preSolution
		Debug|Any CPU = Debug|Any CPU
		Release|Any CPU = Release|Any CPU
	EndGlobalSection
	GlobalSection(ProjectConfigurationPlatforms) = postSolution
		{6DCD95C7-8FC5-4074-AD22-C97D3116B7B6}.Debug|Any CPU.ActiveCfg = Debug
		{6DCD95C7-8FC5-4074-AD22-C97D3116B7B6}.Debug|Any CPU.Build.0 = Debug
		{6DCD95C7-8FC5-4074-AD22-C97D3116B7B6}.Release|Any CPU.ActiveCfg = Debug
		{6DCD95C7-8FC5-4074-AD22-C97D3116B7B6}.Release|Any CPU.Build.0 = Debug
		{A73C7D55-55D5-4CF5-9F48-1A15F93507FD}.Debug|Any CPU.ActiveCfg = Debug|Any CPU
		{A73C7D55-55D5-4CF5-9F48-1A15F93507FD}.Release|Any CPU.ActiveCfg = Debug|Any CPU
		{8FFF06DC-F74C-4354-9846-8687E7B41E38}.Debug|Any CPU.ActiveCfg = Debug|Any CPU
		{8FFF06DC-F74C-4354-9846-8687E7B41E38}.Debug|Any CPU.Build.0 = Debug|Any CPU
		{8FFF06DC-F74C-4354-9846-8687E7B41E38}.Release|Any CPU.ActiveCfg = Release|Any CPU
		{8FFF06DC-F74C-4354-9846-8687E7B41E38}.Release|Any CPU.Build.0 = Release|Any CPU
	EndGlobalSection
	GlobalSection(SolutionProperties) = preSolution
		HideSolutionNode = FALSE
	EndGlobalSection
EndGlobal
